// !$*UTF8*$!
{
	archiveVersion = 1;
	classes = {
	};
	objectVersion = 46;
	objects = {

/* Begin PBXBuildFile section */
		681608281A6010410090CB96 /* ToastView.m in Sources */ = {isa = PBXBuildFile; fileRef = 681608271A6010410090CB96 /* ToastView.m */; };
		6816082B1A60172C0090CB96 /* Enemy.m in Sources */ = {isa = PBXBuildFile; fileRef = 6816082A1A60172C0090CB96 /* Enemy.m */; };
		681E67111A691B54007E727A /* 29x29.png in Resources */ = {isa = PBXBuildFile; fileRef = 681E67081A691B54007E727A /* 29x29.png */; };
		681E67121A691B54007E727A /* 40x40.png in Resources */ = {isa = PBXBuildFile; fileRef = 681E67091A691B54007E727A /* 40x40.png */; };
		681E67131A691B54007E727A /* 58x58.png in Resources */ = {isa = PBXBuildFile; fileRef = 681E670A1A691B54007E727A /* 58x58.png */; };
		681E67141A691B54007E727A /* 76x76.png in Resources */ = {isa = PBXBuildFile; fileRef = 681E670B1A691B54007E727A /* 76x76.png */; };
		681E67151A691B54007E727A /* 80x80.png in Resources */ = {isa = PBXBuildFile; fileRef = 681E670C1A691B54007E727A /* 80x80.png */; };
		681E67161A691B54007E727A /* 87x87.png in Resources */ = {isa = PBXBuildFile; fileRef = 681E670D1A691B54007E727A /* 87x87.png */; };
		681E67171A691B54007E727A /* 120x120.png in Resources */ = {isa = PBXBuildFile; fileRef = 681E670E1A691B54007E727A /* 120x120.png */; };
		681E67181A691B54007E727A /* 152x152.png in Resources */ = {isa = PBXBuildFile; fileRef = 681E670F1A691B54007E727A /* 152x152.png */; };
		681E67191A691B54007E727A /* 180x180.png in Resources */ = {isa = PBXBuildFile; fileRef = 681E67101A691B54007E727A /* 180x180.png */; };
		681E671F1A693932007E727A /* Birdhouse.png in Resources */ = {isa = PBXBuildFile; fileRef = 681E671D1A693932007E727A /* Birdhouse.png */; };
		681E67201A693932007E727A /* Butterfly.png in Resources */ = {isa = PBXBuildFile; fileRef = 681E671E1A693932007E727A /* Butterfly.png */; };
		681E67241A694CB2007E727A /* Butterfly.m in Sources */ = {isa = PBXBuildFile; fileRef = 681E67231A694CB2007E727A /* Butterfly.m */; };
		681E67271A694CBD007E727A /* Haven.m in Sources */ = {isa = PBXBuildFile; fileRef = 681E67261A694CBD007E727A /* Haven.m */; };
		682428001A28740B00F71A3D /* GameModel.m in Sources */ = {isa = PBXBuildFile; fileRef = 682427FF1A28740B00F71A3D /* GameModel.m */; };
		682652711A65A965004DB8AC /* MenuScene.sks in Resources */ = {isa = PBXBuildFile; fileRef = 682652701A65A965004DB8AC /* MenuScene.sks */; };
		683D21C41A2F7CC90081FF3F /* Entity.m in Sources */ = {isa = PBXBuildFile; fileRef = 683D21C31A2F7CC90081FF3F /* Entity.m */; };
		683D21C71A2F7CD50081FF3F /* Player.m in Sources */ = {isa = PBXBuildFile; fileRef = 683D21C61A2F7CD50081FF3F /* Player.m */; };
		683D21CA1A2F7F320081FF3F /* LivingEntity.m in Sources */ = {isa = PBXBuildFile; fileRef = 683D21C91A2F7F320081FF3F /* LivingEntity.m */; };
		684747D41A5AB3740005B80A /* TactileObject.m in Sources */ = {isa = PBXBuildFile; fileRef = 684747D31A5AB3740005B80A /* TactileObject.m */; };
		68480E201A667C43004A4EEA /* HighScoresText.png in Resources */ = {isa = PBXBuildFile; fileRef = 68480E1A1A667C43004A4EEA /* HighScoresText.png */; };
		68480E211A667C43004A4EEA /* IntroText.png in Resources */ = {isa = PBXBuildFile; fileRef = 68480E1B1A667C43004A4EEA /* IntroText.png */; };
		68480E221A667C43004A4EEA /* PlayText.png in Resources */ = {isa = PBXBuildFile; fileRef = 68480E1C1A667C43004A4EEA /* PlayText.png */; };
		68480E231A667C43004A4EEA /* QuitText.png in Resources */ = {isa = PBXBuildFile; fileRef = 68480E1D1A667C43004A4EEA /* QuitText.png */; };
		68480E241A667C43004A4EEA /* SettingsText.png in Resources */ = {isa = PBXBuildFile; fileRef = 68480E1E1A667C43004A4EEA /* SettingsText.png */; };
		68480E271A6680FE004A4EEA /* LeftArrowText.png in Resources */ = {isa = PBXBuildFile; fileRef = 68480E251A6680FE004A4EEA /* LeftArrowText.png */; };
		68480E281A6680FE004A4EEA /* RightArrowText.png in Resources */ = {isa = PBXBuildFile; fileRef = 68480E261A6680FE004A4EEA /* RightArrowText.png */; };
		68480E2C1A66A945004A4EEA /* AvatarText.png in Resources */ = {isa = PBXBuildFile; fileRef = 68480E291A66A945004A4EEA /* AvatarText.png */; };
		68480E2D1A66A945004A4EEA /* BackgroundText.png in Resources */ = {isa = PBXBuildFile; fileRef = 68480E2A1A66A945004A4EEA /* BackgroundText.png */; };
		68480EC41A66A9F2004A4EEA /* ControlsText.png in Resources */ = {isa = PBXBuildFile; fileRef = 68480EC31A66A9F2004A4EEA /* ControlsText.png */; };
		68480EC81A66E0A7004A4EEA /* LennyHighScores.plist in Resources */ = {isa = PBXBuildFile; fileRef = 68480EC71A66E0A7004A4EEA /* LennyHighScores.plist */; };
		68480ECB1A66E52F004A4EEA /* HighScoresViewController.m in Sources */ = {isa = PBXBuildFile; fileRef = 68480ECA1A66E52F004A4EEA /* HighScoresViewController.m */; };
		6851ECAD1A6526FB00C661D2 /* kopf-animation.png in Resources */ = {isa = PBXBuildFile; fileRef = 6851ECAC1A6526FB00C661D2 /* kopf-animation.png */; };
		685F3D921A67D73B00A20F9A /* berry.png in Resources */ = {isa = PBXBuildFile; fileRef = 685F3D8F1A67D73B00A20F9A /* berry.png */; };
		685F3D931A67D73B00A20F9A /* level1-bonus.png in Resources */ = {isa = PBXBuildFile; fileRef = 685F3D901A67D73B00A20F9A /* level1-bonus.png */; };
		685F3D961A67E40900A20F9A /* level1-pit.png in Resources */ = {isa = PBXBuildFile; fileRef = 685F3D951A67E40900A20F9A /* level1-pit.png */; };
		685F3D9C1A68332600A20F9A /* Berry.m in Sources */ = {isa = PBXBuildFile; fileRef = 685F3D9B1A68332600A20F9A /* Berry.m */; };
		6875160E1A24F92600748410 /* main.m in Sources */ = {isa = PBXBuildFile; fileRef = 6875160D1A24F92600748410 /* main.m */; };
		687516111A24F92600748410 /* AppDelegate.m in Sources */ = {isa = PBXBuildFile; fileRef = 687516101A24F92600748410 /* AppDelegate.m */; };
		687516141A24F92600748410 /* GameScene.m in Sources */ = {isa = PBXBuildFile; fileRef = 687516131A24F92600748410 /* GameScene.m */; };
		687516161A24F92600748410 /* GameScene.sks in Resources */ = {isa = PBXBuildFile; fileRef = 687516151A24F92600748410 /* GameScene.sks */; };
		687516191A24F92600748410 /* GameViewController.m in Sources */ = {isa = PBXBuildFile; fileRef = 687516181A24F92600748410 /* GameViewController.m */; };
		6875161C1A24F92600748410 /* Main.storyboard in Resources */ = {isa = PBXBuildFile; fileRef = 6875161A1A24F92600748410 /* Main.storyboard */; };
		6875161E1A24F92600748410 /* Images.xcassets in Resources */ = {isa = PBXBuildFile; fileRef = 6875161D1A24F92600748410 /* Images.xcassets */; };
		687516211A24F92600748410 /* LaunchScreen.xib in Resources */ = {isa = PBXBuildFile; fileRef = 6875161F1A24F92600748410 /* LaunchScreen.xib */; };
		6875162D1A24F92600748410 /* Endless_RunnerTests.m in Sources */ = {isa = PBXBuildFile; fileRef = 6875162C1A24F92600748410 /* Endless_RunnerTests.m */; };
		68AA902A1A56BE430056E5A2 /* SettingsViewController.m in Sources */ = {isa = PBXBuildFile; fileRef = 68AA90291A56BE430056E5A2 /* SettingsViewController.m */; };
		68AA902D1A56C4700056E5A2 /* MainMenuViewController.m in Sources */ = {isa = PBXBuildFile; fileRef = 68AA902C1A56C4700056E5A2 /* MainMenuViewController.m */; };
		68F358FD1A63C80E0006E4B1 /* Bog.png in Resources */ = {isa = PBXBuildFile; fileRef = 68F358F81A63C80E0006E4B1 /* Bog.png */; };
		68F358FE1A63C80E0006E4B1 /* Bush.png in Resources */ = {isa = PBXBuildFile; fileRef = 68F358F91A63C80E0006E4B1 /* Bush.png */; };
		68F358FF1A63C80E0006E4B1 /* Mushroom.png in Resources */ = {isa = PBXBuildFile; fileRef = 68F358FA1A63C80E0006E4B1 /* Mushroom.png */; };
		68F359001A63C80E0006E4B1 /* Spikes.png in Resources */ = {isa = PBXBuildFile; fileRef = 68F358FB1A63C80E0006E4B1 /* Spikes.png */; };
		68F359011A63C80E0006E4B1 /* Stump.png in Resources */ = {isa = PBXBuildFile; fileRef = 68F358FC1A63C80E0006E4B1 /* Stump.png */; };
		68F359041A63C81F0006E4B1 /* background.png in Resources */ = {isa = PBXBuildFile; fileRef = 68F359021A63C81F0006E4B1 /* background.png */; };
		68F359051A63C81F0006E4B1 /* ground.png in Resources */ = {isa = PBXBuildFile; fileRef = 68F359031A63C81F0006E4B1 /* ground.png */; };
		68F3590E1A63C82F0006E4B1 /* avatar.gif in Resources */ = {isa = PBXBuildFile; fileRef = 68F359061A63C82F0006E4B1 /* avatar.gif */; };
		68F3590F1A63C82F0006E4B1 /* bee.png in Resources */ = {isa = PBXBuildFile; fileRef = 68F359071A63C82F0006E4B1 /* bee.png */; };
		68F359121A63C82F0006E4B1 /* Bird.png in Resources */ = {isa = PBXBuildFile; fileRef = 68F3590A1A63C82F0006E4B1 /* Bird.png */; };
		68F359131A63C82F0006E4B1 /* Fox.png in Resources */ = {isa = PBXBuildFile; fileRef = 68F3590B1A63C82F0006E4B1 /* Fox.png */; };
		68F359141A63C82F0006E4B1 /* Frog.png in Resources */ = {isa = PBXBuildFile; fileRef = 68F3590C1A63C82F0006E4B1 /* Frog.png */; };
		68F359151A63C82F0006E4B1 /* Wolf.png in Resources */ = {isa = PBXBuildFile; fileRef = 68F3590D1A63C82F0006E4B1 /* Wolf.png */; };
		68F359181A63DB540006E4B1 /* Fox.m in Sources */ = {isa = PBXBuildFile; fileRef = 68F359171A63DB540006E4B1 /* Fox.m */; };
		68F3591B1A63E96C0006E4B1 /* Bird.m in Sources */ = {isa = PBXBuildFile; fileRef = 68F3591A1A63E96C0006E4B1 /* Bird.m */; };
		68F3591F1A63EAD90006E4B1 /* Beehive.m in Sources */ = {isa = PBXBuildFile; fileRef = 68F3591E1A63EAD90006E4B1 /* Beehive.m */; };
		68F359221A63ECD50006E4B1 /* Frog.m in Sources */ = {isa = PBXBuildFile; fileRef = 68F359211A63ECD50006E4B1 /* Frog.m */; };
		68F359251A63ECE20006E4B1 /* Wolf.m in Sources */ = {isa = PBXBuildFile; fileRef = 68F359241A63ECE20006E4B1 /* Wolf.m */; };
		68F359A41A640CD60006E4B1 /* Beehive.png in Resources */ = {isa = PBXBuildFile; fileRef = 68F359A31A640CD60006E4B1 /* Beehive.png */; };
		68F359A81A6421EE0006E4B1 /* Stump.m in Sources */ = {isa = PBXBuildFile; fileRef = 68F359A71A6421EE0006E4B1 /* Stump.m */; };
		68F359AB1A6421F90006E4B1 /* Bog.m in Sources */ = {isa = PBXBuildFile; fileRef = 68F359AA1A6421F90006E4B1 /* Bog.m */; };
		68F359AE1A6422050006E4B1 /* Spikes.m in Sources */ = {isa = PBXBuildFile; fileRef = 68F359AD1A6422050006E4B1 /* Spikes.m */; };
		68F359B11A6422110006E4B1 /* Mushroom.m in Sources */ = {isa = PBXBuildFile; fileRef = 68F359B01A6422110006E4B1 /* Mushroom.m */; };
		68F359B41A64221F0006E4B1 /* Bush.m in Sources */ = {isa = PBXBuildFile; fileRef = 68F359B31A64221F0006E4B1 /* Bush.m */; };
		717CCAB61A67C18300B55E61 /* avatar.atlas in Resources */ = {isa = PBXBuildFile; fileRef = 717CCAB31A67C18300B55E61 /* avatar.atlas */; };
		717CCAB71A67C18300B55E61 /* beehive.atlas in Resources */ = {isa = PBXBuildFile; fileRef = 717CCAB41A67C18300B55E61 /* beehive.atlas */; };
		717CCAB81A67C18300B55E61 /* frog.atlas in Resources */ = {isa = PBXBuildFile; fileRef = 717CCAB51A67C18300B55E61 /* frog.atlas */; };
/* End PBXBuildFile section */

/* Begin PBXContainerItemProxy section */
		687516271A24F92600748410 /* PBXContainerItemProxy */ = {
			isa = PBXContainerItemProxy;
			containerPortal = 687516001A24F92600748410 /* Project object */;
			proxyType = 1;
			remoteGlobalIDString = 687516071A24F92600748410;
			remoteInfo = "Endless Runner";
		};
/* End PBXContainerItemProxy section */

/* Begin PBXFileReference section */
		681608261A6010410090CB96 /* ToastView.h */ = {isa = PBXFileReference; fileEncoding = 4; lastKnownFileType = sourcecode.c.h; path = ToastView.h; sourceTree = "<group>"; };
		681608271A6010410090CB96 /* ToastView.m */ = {isa = PBXFileReference; fileEncoding = 4; lastKnownFileType = sourcecode.c.objc; path = ToastView.m; sourceTree = "<group>"; };
		681608291A60172C0090CB96 /* Enemy.h */ = {isa = PBXFileReference; fileEncoding = 4; lastKnownFileType = sourcecode.c.h; path = Enemy.h; sourceTree = "<group>"; };
		6816082A1A60172C0090CB96 /* Enemy.m */ = {isa = PBXFileReference; fileEncoding = 4; lastKnownFileType = sourcecode.c.objc; path = Enemy.m; sourceTree = "<group>"; };
		681E67081A691B54007E727A /* 29x29.png */ = {isa = PBXFileReference; lastKnownFileType = image.png; name = 29x29.png; path = "Endless Runner/Images/Icons/29x29.png"; sourceTree = "<group>"; };
		681E67091A691B54007E727A /* 40x40.png */ = {isa = PBXFileReference; lastKnownFileType = image.png; name = 40x40.png; path = "Endless Runner/Images/Icons/40x40.png"; sourceTree = "<group>"; };
		681E670A1A691B54007E727A /* 58x58.png */ = {isa = PBXFileReference; lastKnownFileType = image.png; name = 58x58.png; path = "Endless Runner/Images/Icons/58x58.png"; sourceTree = "<group>"; };
		681E670B1A691B54007E727A /* 76x76.png */ = {isa = PBXFileReference; lastKnownFileType = image.png; name = 76x76.png; path = "Endless Runner/Images/Icons/76x76.png"; sourceTree = "<group>"; };
		681E670C1A691B54007E727A /* 80x80.png */ = {isa = PBXFileReference; lastKnownFileType = image.png; name = 80x80.png; path = "Endless Runner/Images/Icons/80x80.png"; sourceTree = "<group>"; };
		681E670D1A691B54007E727A /* 87x87.png */ = {isa = PBXFileReference; lastKnownFileType = image.png; name = 87x87.png; path = "Endless Runner/Images/Icons/87x87.png"; sourceTree = "<group>"; };
		681E670E1A691B54007E727A /* 120x120.png */ = {isa = PBXFileReference; lastKnownFileType = image.png; name = 120x120.png; path = "Endless Runner/Images/Icons/120x120.png"; sourceTree = "<group>"; };
		681E670F1A691B54007E727A /* 152x152.png */ = {isa = PBXFileReference; lastKnownFileType = image.png; name = 152x152.png; path = "Endless Runner/Images/Icons/152x152.png"; sourceTree = "<group>"; };
		681E67101A691B54007E727A /* 180x180.png */ = {isa = PBXFileReference; lastKnownFileType = image.png; name = 180x180.png; path = "Endless Runner/Images/Icons/180x180.png"; sourceTree = "<group>"; };
		681E671D1A693932007E727A /* Birdhouse.png */ = {isa = PBXFileReference; lastKnownFileType = image.png; name = Birdhouse.png; path = "Endless Runner/Images/Characters/Birdhouse.png"; sourceTree = "<group>"; };
		681E671E1A693932007E727A /* Butterfly.png */ = {isa = PBXFileReference; lastKnownFileType = image.png; name = Butterfly.png; path = "Endless Runner/Images/Characters/Butterfly.png"; sourceTree = "<group>"; };
		681E67221A694CB2007E727A /* Butterfly.h */ = {isa = PBXFileReference; fileEncoding = 4; lastKnownFileType = sourcecode.c.h; path = Butterfly.h; sourceTree = "<group>"; };
		681E67231A694CB2007E727A /* Butterfly.m */ = {isa = PBXFileReference; fileEncoding = 4; lastKnownFileType = sourcecode.c.objc; path = Butterfly.m; sourceTree = "<group>"; };
		681E67251A694CBD007E727A /* Haven.h */ = {isa = PBXFileReference; fileEncoding = 4; lastKnownFileType = sourcecode.c.h; path = Haven.h; sourceTree = "<group>"; };
		681E67261A694CBD007E727A /* Haven.m */ = {isa = PBXFileReference; fileEncoding = 4; lastKnownFileType = sourcecode.c.objc; path = Haven.m; sourceTree = "<group>"; };
		682427FE1A28740B00F71A3D /* GameModel.h */ = {isa = PBXFileReference; fileEncoding = 4; lastKnownFileType = sourcecode.c.h; path = GameModel.h; sourceTree = "<group>"; };
		682427FF1A28740B00F71A3D /* GameModel.m */ = {isa = PBXFileReference; fileEncoding = 4; lastKnownFileType = sourcecode.c.objc; path = GameModel.m; sourceTree = "<group>"; };
		682652701A65A965004DB8AC /* MenuScene.sks */ = {isa = PBXFileReference; lastKnownFileType = file.sks; path = MenuScene.sks; sourceTree = "<group>"; };
		683D21C21A2F7CC90081FF3F /* Entity.h */ = {isa = PBXFileReference; fileEncoding = 4; lastKnownFileType = sourcecode.c.h; path = Entity.h; sourceTree = "<group>"; };
		683D21C31A2F7CC90081FF3F /* Entity.m */ = {isa = PBXFileReference; fileEncoding = 4; lastKnownFileType = sourcecode.c.objc; path = Entity.m; sourceTree = "<group>"; };
		683D21C51A2F7CD50081FF3F /* Player.h */ = {isa = PBXFileReference; fileEncoding = 4; lastKnownFileType = sourcecode.c.h; path = Player.h; sourceTree = "<group>"; };
		683D21C61A2F7CD50081FF3F /* Player.m */ = {isa = PBXFileReference; fileEncoding = 4; lastKnownFileType = sourcecode.c.objc; path = Player.m; sourceTree = "<group>"; };
		683D21C81A2F7F320081FF3F /* LivingEntity.h */ = {isa = PBXFileReference; fileEncoding = 4; lastKnownFileType = sourcecode.c.h; path = LivingEntity.h; sourceTree = "<group>"; };
		683D21C91A2F7F320081FF3F /* LivingEntity.m */ = {isa = PBXFileReference; fileEncoding = 4; lastKnownFileType = sourcecode.c.objc; path = LivingEntity.m; sourceTree = "<group>"; };
		684747D21A5AB3740005B80A /* TactileObject.h */ = {isa = PBXFileReference; fileEncoding = 4; lastKnownFileType = sourcecode.c.h; path = TactileObject.h; sourceTree = "<group>"; };
		684747D31A5AB3740005B80A /* TactileObject.m */ = {isa = PBXFileReference; fileEncoding = 4; lastKnownFileType = sourcecode.c.objc; path = TactileObject.m; sourceTree = "<group>"; };
		68480E1A1A667C43004A4EEA /* HighScoresText.png */ = {isa = PBXFileReference; lastKnownFileType = image.png; name = HighScoresText.png; path = "Endless Runner/Images/Text/HighScoresText.png"; sourceTree = "<group>"; };
		68480E1B1A667C43004A4EEA /* IntroText.png */ = {isa = PBXFileReference; lastKnownFileType = image.png; name = IntroText.png; path = "Endless Runner/Images/Text/IntroText.png"; sourceTree = "<group>"; };
		68480E1C1A667C43004A4EEA /* PlayText.png */ = {isa = PBXFileReference; lastKnownFileType = image.png; name = PlayText.png; path = "Endless Runner/Images/Text/PlayText.png"; sourceTree = "<group>"; };
		68480E1D1A667C43004A4EEA /* QuitText.png */ = {isa = PBXFileReference; lastKnownFileType = image.png; name = QuitText.png; path = "Endless Runner/Images/Text/QuitText.png"; sourceTree = "<group>"; };
		68480E1E1A667C43004A4EEA /* SettingsText.png */ = {isa = PBXFileReference; lastKnownFileType = image.png; name = SettingsText.png; path = "Endless Runner/Images/Text/SettingsText.png"; sourceTree = "<group>"; };
		68480E251A6680FE004A4EEA /* LeftArrowText.png */ = {isa = PBXFileReference; lastKnownFileType = image.png; name = LeftArrowText.png; path = "Endless Runner/Images/Text/LeftArrowText.png"; sourceTree = "<group>"; };
		68480E261A6680FE004A4EEA /* RightArrowText.png */ = {isa = PBXFileReference; lastKnownFileType = image.png; name = RightArrowText.png; path = "Endless Runner/Images/Text/RightArrowText.png"; sourceTree = "<group>"; };
		68480E291A66A945004A4EEA /* AvatarText.png */ = {isa = PBXFileReference; lastKnownFileType = image.png; name = AvatarText.png; path = "Endless Runner/Images/Text/AvatarText.png"; sourceTree = "<group>"; };
		68480E2A1A66A945004A4EEA /* BackgroundText.png */ = {isa = PBXFileReference; lastKnownFileType = image.png; name = BackgroundText.png; path = "Endless Runner/Images/Text/BackgroundText.png"; sourceTree = "<group>"; };
		68480EC31A66A9F2004A4EEA /* ControlsText.png */ = {isa = PBXFileReference; lastKnownFileType = image.png; name = ControlsText.png; path = "Endless Runner/Images/Text/ControlsText.png"; sourceTree = "<group>"; };
		68480EC71A66E0A7004A4EEA /* LennyHighScores.plist */ = {isa = PBXFileReference; fileEncoding = 4; lastKnownFileType = text.plist.xml; path = LennyHighScores.plist; sourceTree = "<group>"; };
		68480EC91A66E52F004A4EEA /* HighScoresViewController.h */ = {isa = PBXFileReference; fileEncoding = 4; lastKnownFileType = sourcecode.c.h; path = HighScoresViewController.h; sourceTree = "<group>"; };
		68480ECA1A66E52F004A4EEA /* HighScoresViewController.m */ = {isa = PBXFileReference; fileEncoding = 4; lastKnownFileType = sourcecode.c.objc; path = HighScoresViewController.m; sourceTree = "<group>"; };
		6851ECAC1A6526FB00C661D2 /* kopf-animation.png */ = {isa = PBXFileReference; lastKnownFileType = image.png; name = "kopf-animation.png"; path = "Endless Runner/Images/Characters/kopf-animation.png"; sourceTree = "<group>"; };
		685F3D8F1A67D73B00A20F9A /* berry.png */ = {isa = PBXFileReference; lastKnownFileType = image.png; name = berry.png; path = "Endless Runner/Images/Backgrounds/berry.png"; sourceTree = "<group>"; };
		685F3D901A67D73B00A20F9A /* level1-bonus.png */ = {isa = PBXFileReference; lastKnownFileType = image.png; name = "level1-bonus.png"; path = "Endless Runner/Images/Backgrounds/level1-bonus.png"; sourceTree = "<group>"; };
		685F3D951A67E40900A20F9A /* level1-pit.png */ = {isa = PBXFileReference; lastKnownFileType = image.png; name = "level1-pit.png"; path = "Endless Runner/Images/Backgrounds/level1-pit.png"; sourceTree = "<group>"; };
		685F3D9A1A68332600A20F9A /* Berry.h */ = {isa = PBXFileReference; fileEncoding = 4; lastKnownFileType = sourcecode.c.h; path = Berry.h; sourceTree = "<group>"; };
		685F3D9B1A68332600A20F9A /* Berry.m */ = {isa = PBXFileReference; fileEncoding = 4; lastKnownFileType = sourcecode.c.objc; path = Berry.m; sourceTree = "<group>"; };
		687516081A24F92600748410 /* Endless Runner.app */ = {isa = PBXFileReference; explicitFileType = wrapper.application; includeInIndex = 0; path = "Endless Runner.app"; sourceTree = BUILT_PRODUCTS_DIR; };
		6875160C1A24F92600748410 /* Info.plist */ = {isa = PBXFileReference; lastKnownFileType = text.plist.xml; path = Info.plist; sourceTree = "<group>"; };
		6875160D1A24F92600748410 /* main.m */ = {isa = PBXFileReference; lastKnownFileType = sourcecode.c.objc; path = main.m; sourceTree = "<group>"; };
		6875160F1A24F92600748410 /* AppDelegate.h */ = {isa = PBXFileReference; lastKnownFileType = sourcecode.c.h; path = AppDelegate.h; sourceTree = "<group>"; };
		687516101A24F92600748410 /* AppDelegate.m */ = {isa = PBXFileReference; lastKnownFileType = sourcecode.c.objc; path = AppDelegate.m; sourceTree = "<group>"; };
		687516121A24F92600748410 /* GameScene.h */ = {isa = PBXFileReference; lastKnownFileType = sourcecode.c.h; path = GameScene.h; sourceTree = "<group>"; };
		687516131A24F92600748410 /* GameScene.m */ = {isa = PBXFileReference; lastKnownFileType = sourcecode.c.objc; path = GameScene.m; sourceTree = "<group>"; };
		687516151A24F92600748410 /* GameScene.sks */ = {isa = PBXFileReference; lastKnownFileType = file.sks; path = GameScene.sks; sourceTree = "<group>"; };
		687516171A24F92600748410 /* GameViewController.h */ = {isa = PBXFileReference; lastKnownFileType = sourcecode.c.h; path = GameViewController.h; sourceTree = "<group>"; };
		687516181A24F92600748410 /* GameViewController.m */ = {isa = PBXFileReference; lastKnownFileType = sourcecode.c.objc; path = GameViewController.m; sourceTree = "<group>"; };
		6875161B1A24F92600748410 /* Base */ = {isa = PBXFileReference; lastKnownFileType = file.storyboard; name = Base; path = Base.lproj/Main.storyboard; sourceTree = "<group>"; };
		6875161D1A24F92600748410 /* Images.xcassets */ = {isa = PBXFileReference; lastKnownFileType = folder.assetcatalog; path = Images.xcassets; sourceTree = "<group>"; };
		687516201A24F92600748410 /* Base */ = {isa = PBXFileReference; lastKnownFileType = file.xib; name = Base; path = Base.lproj/LaunchScreen.xib; sourceTree = "<group>"; };
		687516261A24F92600748410 /* Endless RunnerTests.xctest */ = {isa = PBXFileReference; explicitFileType = wrapper.cfbundle; includeInIndex = 0; path = "Endless RunnerTests.xctest"; sourceTree = BUILT_PRODUCTS_DIR; };
		6875162B1A24F92600748410 /* Info.plist */ = {isa = PBXFileReference; lastKnownFileType = text.plist.xml; path = Info.plist; sourceTree = "<group>"; };
		6875162C1A24F92600748410 /* Endless_RunnerTests.m */ = {isa = PBXFileReference; lastKnownFileType = sourcecode.c.objc; path = Endless_RunnerTests.m; sourceTree = "<group>"; };
		68AA90281A56BE430056E5A2 /* SettingsViewController.h */ = {isa = PBXFileReference; fileEncoding = 4; lastKnownFileType = sourcecode.c.h; path = SettingsViewController.h; sourceTree = "<group>"; };
		68AA90291A56BE430056E5A2 /* SettingsViewController.m */ = {isa = PBXFileReference; fileEncoding = 4; lastKnownFileType = sourcecode.c.objc; path = SettingsViewController.m; sourceTree = "<group>"; };
		68AA902B1A56C4700056E5A2 /* MainMenuViewController.h */ = {isa = PBXFileReference; fileEncoding = 4; lastKnownFileType = sourcecode.c.h; path = MainMenuViewController.h; sourceTree = "<group>"; };
		68AA902C1A56C4700056E5A2 /* MainMenuViewController.m */ = {isa = PBXFileReference; fileEncoding = 4; lastKnownFileType = sourcecode.c.objc; path = MainMenuViewController.m; sourceTree = "<group>"; };
		68F358F81A63C80E0006E4B1 /* Bog.png */ = {isa = PBXFileReference; lastKnownFileType = image.png; name = Bog.png; path = "Endless Runner/Images/Obstacles/Bog.png"; sourceTree = "<group>"; };
		68F358F91A63C80E0006E4B1 /* Bush.png */ = {isa = PBXFileReference; lastKnownFileType = image.png; name = Bush.png; path = "Endless Runner/Images/Obstacles/Bush.png"; sourceTree = "<group>"; };
		68F358FA1A63C80E0006E4B1 /* Mushroom.png */ = {isa = PBXFileReference; lastKnownFileType = image.png; name = Mushroom.png; path = "Endless Runner/Images/Obstacles/Mushroom.png"; sourceTree = "<group>"; };
		68F358FB1A63C80E0006E4B1 /* Spikes.png */ = {isa = PBXFileReference; lastKnownFileType = image.png; name = Spikes.png; path = "Endless Runner/Images/Obstacles/Spikes.png"; sourceTree = "<group>"; };
		68F358FC1A63C80E0006E4B1 /* Stump.png */ = {isa = PBXFileReference; lastKnownFileType = image.png; name = Stump.png; path = "Endless Runner/Images/Obstacles/Stump.png"; sourceTree = "<group>"; };
		68F359021A63C81F0006E4B1 /* background.png */ = {isa = PBXFileReference; lastKnownFileType = image.png; name = background.png; path = "Endless Runner/Images/Backgrounds/background.png"; sourceTree = "<group>"; };
		68F359031A63C81F0006E4B1 /* ground.png */ = {isa = PBXFileReference; lastKnownFileType = image.png; name = ground.png; path = "Endless Runner/Images/Backgrounds/ground.png"; sourceTree = "<group>"; };
		68F359061A63C82F0006E4B1 /* avatar.gif */ = {isa = PBXFileReference; lastKnownFileType = image.gif; name = avatar.gif; path = "Endless Runner/Images/Characters/avatar.gif"; sourceTree = "<group>"; };
		68F359071A63C82F0006E4B1 /* bee.png */ = {isa = PBXFileReference; lastKnownFileType = image.png; name = bee.png; path = "Endless Runner/Images/Characters/bee.png"; sourceTree = "<group>"; };
		68F3590A1A63C82F0006E4B1 /* Bird.png */ = {isa = PBXFileReference; lastKnownFileType = image.png; name = Bird.png; path = "Endless Runner/Images/Characters/Bird.png"; sourceTree = "<group>"; };
		68F3590B1A63C82F0006E4B1 /* Fox.png */ = {isa = PBXFileReference; lastKnownFileType = image.png; name = Fox.png; path = "Endless Runner/Images/Characters/Fox.png"; sourceTree = "<group>"; };
		68F3590C1A63C82F0006E4B1 /* Frog.png */ = {isa = PBXFileReference; lastKnownFileType = image.png; name = Frog.png; path = "Endless Runner/Images/Characters/Frog.png"; sourceTree = "<group>"; };
		68F3590D1A63C82F0006E4B1 /* Wolf.png */ = {isa = PBXFileReference; lastKnownFileType = image.png; name = Wolf.png; path = "Endless Runner/Images/Characters/Wolf.png"; sourceTree = "<group>"; };
		68F359161A63DB540006E4B1 /* Fox.h */ = {isa = PBXFileReference; fileEncoding = 4; lastKnownFileType = sourcecode.c.h; path = Fox.h; sourceTree = "<group>"; };
		68F359171A63DB540006E4B1 /* Fox.m */ = {isa = PBXFileReference; fileEncoding = 4; lastKnownFileType = sourcecode.c.objc; path = Fox.m; sourceTree = "<group>"; };
		68F359191A63E96C0006E4B1 /* Bird.h */ = {isa = PBXFileReference; fileEncoding = 4; lastKnownFileType = sourcecode.c.h; path = Bird.h; sourceTree = "<group>"; };
		68F3591A1A63E96C0006E4B1 /* Bird.m */ = {isa = PBXFileReference; fileEncoding = 4; lastKnownFileType = sourcecode.c.objc; path = Bird.m; sourceTree = "<group>"; };
		68F3591D1A63EAD90006E4B1 /* Beehive.h */ = {isa = PBXFileReference; fileEncoding = 4; lastKnownFileType = sourcecode.c.h; path = Beehive.h; sourceTree = "<group>"; };
		68F3591E1A63EAD90006E4B1 /* Beehive.m */ = {isa = PBXFileReference; fileEncoding = 4; lastKnownFileType = sourcecode.c.objc; path = Beehive.m; sourceTree = "<group>"; };
		68F359201A63ECD50006E4B1 /* Frog.h */ = {isa = PBXFileReference; fileEncoding = 4; lastKnownFileType = sourcecode.c.h; path = Frog.h; sourceTree = "<group>"; };
		68F359211A63ECD50006E4B1 /* Frog.m */ = {isa = PBXFileReference; fileEncoding = 4; lastKnownFileType = sourcecode.c.objc; path = Frog.m; sourceTree = "<group>"; };
		68F359231A63ECE20006E4B1 /* Wolf.h */ = {isa = PBXFileReference; fileEncoding = 4; lastKnownFileType = sourcecode.c.h; path = Wolf.h; sourceTree = "<group>"; };
		68F359241A63ECE20006E4B1 /* Wolf.m */ = {isa = PBXFileReference; fileEncoding = 4; lastKnownFileType = sourcecode.c.objc; path = Wolf.m; sourceTree = "<group>"; };
		68F359A31A640CD60006E4B1 /* Beehive.png */ = {isa = PBXFileReference; lastKnownFileType = image.png; name = Beehive.png; path = "Endless Runner/Images/Characters/Beehive.png"; sourceTree = "<group>"; };
		68F359A61A6421EE0006E4B1 /* Stump.h */ = {isa = PBXFileReference; fileEncoding = 4; lastKnownFileType = sourcecode.c.h; path = Stump.h; sourceTree = "<group>"; };
		68F359A71A6421EE0006E4B1 /* Stump.m */ = {isa = PBXFileReference; fileEncoding = 4; lastKnownFileType = sourcecode.c.objc; path = Stump.m; sourceTree = "<group>"; };
		68F359A91A6421F90006E4B1 /* Bog.h */ = {isa = PBXFileReference; fileEncoding = 4; lastKnownFileType = sourcecode.c.h; path = Bog.h; sourceTree = "<group>"; };
		68F359AA1A6421F90006E4B1 /* Bog.m */ = {isa = PBXFileReference; fileEncoding = 4; lastKnownFileType = sourcecode.c.objc; path = Bog.m; sourceTree = "<group>"; };
		68F359AC1A6422050006E4B1 /* Spikes.h */ = {isa = PBXFileReference; fileEncoding = 4; lastKnownFileType = sourcecode.c.h; path = Spikes.h; sourceTree = "<group>"; };
		68F359AD1A6422050006E4B1 /* Spikes.m */ = {isa = PBXFileReference; fileEncoding = 4; lastKnownFileType = sourcecode.c.objc; path = Spikes.m; sourceTree = "<group>"; };
		68F359AF1A6422110006E4B1 /* Mushroom.h */ = {isa = PBXFileReference; fileEncoding = 4; lastKnownFileType = sourcecode.c.h; path = Mushroom.h; sourceTree = "<group>"; };
		68F359B01A6422110006E4B1 /* Mushroom.m */ = {isa = PBXFileReference; fileEncoding = 4; lastKnownFileType = sourcecode.c.objc; path = Mushroom.m; sourceTree = "<group>"; };
		68F359B21A64221F0006E4B1 /* Bush.h */ = {isa = PBXFileReference; fileEncoding = 4; lastKnownFileType = sourcecode.c.h; path = Bush.h; sourceTree = "<group>"; };
		68F359B31A64221F0006E4B1 /* Bush.m */ = {isa = PBXFileReference; fileEncoding = 4; lastKnownFileType = sourcecode.c.objc; path = Bush.m; sourceTree = "<group>"; };
		717CCAB31A67C18300B55E61 /* avatar.atlas */ = {isa = PBXFileReference; lastKnownFileType = folder.skatlas; path = avatar.atlas; sourceTree = "<group>"; };
		717CCAB41A67C18300B55E61 /* beehive.atlas */ = {isa = PBXFileReference; lastKnownFileType = folder.skatlas; path = beehive.atlas; sourceTree = "<group>"; };
		717CCAB51A67C18300B55E61 /* frog.atlas */ = {isa = PBXFileReference; lastKnownFileType = folder.skatlas; path = frog.atlas; sourceTree = "<group>"; };
/* End PBXFileReference section */

/* Begin PBXFrameworksBuildPhase section */
		687516051A24F92600748410 /* Frameworks */ = {
			isa = PBXFrameworksBuildPhase;
			buildActionMask = 2147483647;
			files = (
			);
			runOnlyForDeploymentPostprocessing = 0;
		};
		687516231A24F92600748410 /* Frameworks */ = {
			isa = PBXFrameworksBuildPhase;
			buildActionMask = 2147483647;
			files = (
			);
			runOnlyForDeploymentPostprocessing = 0;
		};
/* End PBXFrameworksBuildPhase section */

/* Begin PBXGroup section */
		681E67071A691B39007E727A /* Icons */ = {
			isa = PBXGroup;
			children = (
				681E67081A691B54007E727A /* 29x29.png */,
				681E67091A691B54007E727A /* 40x40.png */,
				681E670A1A691B54007E727A /* 58x58.png */,
				681E670B1A691B54007E727A /* 76x76.png */,
				681E670C1A691B54007E727A /* 80x80.png */,
				681E670D1A691B54007E727A /* 87x87.png */,
				681E670E1A691B54007E727A /* 120x120.png */,
				681E670F1A691B54007E727A /* 152x152.png */,
				681E67101A691B54007E727A /* 180x180.png */,
			);
			name = Icons;
			sourceTree = "<group>";
		};
		681E67211A694C9E007E727A /* Allies */ = {
			isa = PBXGroup;
			children = (
				681E67221A694CB2007E727A /* Butterfly.h */,
				681E67231A694CB2007E727A /* Butterfly.m */,
				681E67251A694CBD007E727A /* Haven.h */,
				681E67261A694CBD007E727A /* Haven.m */,
			);
			name = Allies;
			sourceTree = "<group>";
		};
		682428011A28748C00F71A3D /* Images */ = {
			isa = PBXGroup;
			children = (
				681E67071A691B39007E727A /* Icons */,
				717CCAB31A67C18300B55E61 /* avatar.atlas */,
				717CCAB41A67C18300B55E61 /* beehive.atlas */,
				717CCAB51A67C18300B55E61 /* frog.atlas */,
				68480E181A667A7B004A4EEA /* Text */,
				68F358F71A63C7940006E4B1 /* Obstacles */,
				682428031A2874A000F71A3D /* Backgrounds */,
				682428021A28749800F71A3D /* Characters */,
			);
			name = Images;
			sourceTree = "<group>";
		};
		682428021A28749800F71A3D /* Characters */ = {
			isa = PBXGroup;
			children = (
				681E671D1A693932007E727A /* Birdhouse.png */,
				681E671E1A693932007E727A /* Butterfly.png */,
				6851ECAC1A6526FB00C661D2 /* kopf-animation.png */,
				68F359A31A640CD60006E4B1 /* Beehive.png */,
				68F359061A63C82F0006E4B1 /* avatar.gif */,
				68F359071A63C82F0006E4B1 /* bee.png */,
				68F3590A1A63C82F0006E4B1 /* Bird.png */,
				68F3590B1A63C82F0006E4B1 /* Fox.png */,
				68F3590C1A63C82F0006E4B1 /* Frog.png */,
				68F3590D1A63C82F0006E4B1 /* Wolf.png */,
			);
			name = Characters;
			sourceTree = "<group>";
		};
		682428031A2874A000F71A3D /* Backgrounds */ = {
			isa = PBXGroup;
			children = (
				685F3D951A67E40900A20F9A /* level1-pit.png */,
				685F3D901A67D73B00A20F9A /* level1-bonus.png */,
				68F359021A63C81F0006E4B1 /* background.png */,
				68F359031A63C81F0006E4B1 /* ground.png */,
			);
			name = Backgrounds;
			sourceTree = "<group>";
		};
		683D21CB1A2F7F390081FF3F /* Entities */ = {
			isa = PBXGroup;
			children = (
				681E67211A694C9E007E727A /* Allies */,
				68F359A51A6421CD0006E4B1 /* Obstacles */,
				68F3591C1A63E9730006E4B1 /* Enemies */,
				683D21C21A2F7CC90081FF3F /* Entity.h */,
				683D21C31A2F7CC90081FF3F /* Entity.m */,
				683D21C81A2F7F320081FF3F /* LivingEntity.h */,
				683D21C91A2F7F320081FF3F /* LivingEntity.m */,
				683D21C51A2F7CD50081FF3F /* Player.h */,
				683D21C61A2F7CD50081FF3F /* Player.m */,
			);
			name = Entities;
			sourceTree = "<group>";
		};
		68480E181A667A7B004A4EEA /* Text */ = {
			isa = PBXGroup;
			children = (
				68480EC31A66A9F2004A4EEA /* ControlsText.png */,
				68480E291A66A945004A4EEA /* AvatarText.png */,
				68480E2A1A66A945004A4EEA /* BackgroundText.png */,
				68480E251A6680FE004A4EEA /* LeftArrowText.png */,
				68480E261A6680FE004A4EEA /* RightArrowText.png */,
				68480E1A1A667C43004A4EEA /* HighScoresText.png */,
				68480E1B1A667C43004A4EEA /* IntroText.png */,
				68480E1C1A667C43004A4EEA /* PlayText.png */,
				68480E1D1A667C43004A4EEA /* QuitText.png */,
				68480E1E1A667C43004A4EEA /* SettingsText.png */,
			);
			name = Text;
			sourceTree = "<group>";
		};
		685F3D971A67E9E700A20F9A /* Scene Files */ = {
			isa = PBXGroup;
			children = (
				687516151A24F92600748410 /* GameScene.sks */,
				682652701A65A965004DB8AC /* MenuScene.sks */,
			);
			name = "Scene Files";
			sourceTree = "<group>";
		};
		687515FF1A24F92600748410 = {
			isa = PBXGroup;
			children = (
				68480EC71A66E0A7004A4EEA /* LennyHighScores.plist */,
				682428011A28748C00F71A3D /* Images */,
				6875160A1A24F92600748410 /* Endless Runner */,
				687516291A24F92600748410 /* Endless RunnerTests */,
				687516091A24F92600748410 /* Products */,
			);
			sourceTree = "<group>";
		};
		687516091A24F92600748410 /* Products */ = {
			isa = PBXGroup;
			children = (
				687516081A24F92600748410 /* Endless Runner.app */,
				687516261A24F92600748410 /* Endless RunnerTests.xctest */,
			);
			name = Products;
			sourceTree = "<group>";
		};
		6875160A1A24F92600748410 /* Endless Runner */ = {
			isa = PBXGroup;
			children = (
				685F3D971A67E9E700A20F9A /* Scene Files */,
				6875160F1A24F92600748410 /* AppDelegate.h */,
				687516101A24F92600748410 /* AppDelegate.m */,
				687516121A24F92600748410 /* GameScene.h */,
				687516131A24F92600748410 /* GameScene.m */,
				682427FE1A28740B00F71A3D /* GameModel.h */,
				682427FF1A28740B00F71A3D /* GameModel.m */,
				68AA902B1A56C4700056E5A2 /* MainMenuViewController.h */,
				68AA902C1A56C4700056E5A2 /* MainMenuViewController.m */,
				687516171A24F92600748410 /* GameViewController.h */,
				687516181A24F92600748410 /* GameViewController.m */,
				68AA90281A56BE430056E5A2 /* SettingsViewController.h */,
				68AA90291A56BE430056E5A2 /* SettingsViewController.m */,
				68480EC91A66E52F004A4EEA /* HighScoresViewController.h */,
				68480ECA1A66E52F004A4EEA /* HighScoresViewController.m */,
				6875161A1A24F92600748410 /* Main.storyboard */,
				6875161D1A24F92600748410 /* Images.xcassets */,
				6875161F1A24F92600748410 /* LaunchScreen.xib */,
				683D21CB1A2F7F390081FF3F /* Entities */,
				6875160B1A24F92600748410 /* Supporting Files */,
				681608261A6010410090CB96 /* ToastView.h */,
				681608271A6010410090CB96 /* ToastView.m */,
			);
			path = "Endless Runner";
			sourceTree = "<group>";
		};
		6875160B1A24F92600748410 /* Supporting Files */ = {
			isa = PBXGroup;
			children = (
				6875160C1A24F92600748410 /* Info.plist */,
				6875160D1A24F92600748410 /* main.m */,
			);
			name = "Supporting Files";
			sourceTree = "<group>";
		};
		687516291A24F92600748410 /* Endless RunnerTests */ = {
			isa = PBXGroup;
			children = (
				6875162C1A24F92600748410 /* Endless_RunnerTests.m */,
				6875162A1A24F92600748410 /* Supporting Files */,
			);
			path = "Endless RunnerTests";
			sourceTree = "<group>";
		};
		6875162A1A24F92600748410 /* Supporting Files */ = {
			isa = PBXGroup;
			children = (
				6875162B1A24F92600748410 /* Info.plist */,
			);
			name = "Supporting Files";
			sourceTree = "<group>";
		};
		68F358F71A63C7940006E4B1 /* Obstacles */ = {
			isa = PBXGroup;
			children = (
				685F3D8F1A67D73B00A20F9A /* berry.png */,
				68F358F81A63C80E0006E4B1 /* Bog.png */,
				68F358F91A63C80E0006E4B1 /* Bush.png */,
				68F358FA1A63C80E0006E4B1 /* Mushroom.png */,
				68F358FB1A63C80E0006E4B1 /* Spikes.png */,
				68F358FC1A63C80E0006E4B1 /* Stump.png */,
			);
			name = Obstacles;
			sourceTree = "<group>";
		};
		68F3591C1A63E9730006E4B1 /* Enemies */ = {
			isa = PBXGroup;
			children = (
				681608291A60172C0090CB96 /* Enemy.h */,
				6816082A1A60172C0090CB96 /* Enemy.m */,
				68F359161A63DB540006E4B1 /* Fox.h */,
				68F359171A63DB540006E4B1 /* Fox.m */,
				68F359191A63E96C0006E4B1 /* Bird.h */,
				68F3591A1A63E96C0006E4B1 /* Bird.m */,
				68F3591D1A63EAD90006E4B1 /* Beehive.h */,
				68F3591E1A63EAD90006E4B1 /* Beehive.m */,
				68F359201A63ECD50006E4B1 /* Frog.h */,
				68F359211A63ECD50006E4B1 /* Frog.m */,
				68F359231A63ECE20006E4B1 /* Wolf.h */,
				68F359241A63ECE20006E4B1 /* Wolf.m */,
			);
			name = Enemies;
			sourceTree = "<group>";
		};
		68F359A51A6421CD0006E4B1 /* Obstacles */ = {
			isa = PBXGroup;
			children = (
				684747D21A5AB3740005B80A /* TactileObject.h */,
				684747D31A5AB3740005B80A /* TactileObject.m */,
				68F359A61A6421EE0006E4B1 /* Stump.h */,
				68F359A71A6421EE0006E4B1 /* Stump.m */,
				68F359A91A6421F90006E4B1 /* Bog.h */,
				68F359AA1A6421F90006E4B1 /* Bog.m */,
				68F359AC1A6422050006E4B1 /* Spikes.h */,
				68F359AD1A6422050006E4B1 /* Spikes.m */,
				68F359AF1A6422110006E4B1 /* Mushroom.h */,
				68F359B01A6422110006E4B1 /* Mushroom.m */,
				68F359B21A64221F0006E4B1 /* Bush.h */,
				68F359B31A64221F0006E4B1 /* Bush.m */,
				685F3D9A1A68332600A20F9A /* Berry.h */,
				685F3D9B1A68332600A20F9A /* Berry.m */,
			);
			name = Obstacles;
			sourceTree = "<group>";
		};
/* End PBXGroup section */

/* Begin PBXNativeTarget section */
		687516071A24F92600748410 /* Endless Runner */ = {
			isa = PBXNativeTarget;
			buildConfigurationList = 687516301A24F92600748410 /* Build configuration list for PBXNativeTarget "Endless Runner" */;
			buildPhases = (
				687516041A24F92600748410 /* Sources */,
				687516051A24F92600748410 /* Frameworks */,
				687516061A24F92600748410 /* Resources */,
			);
			buildRules = (
			);
			dependencies = (
			);
			name = "Endless Runner";
			productName = "Endless Runner";
			productReference = 687516081A24F92600748410 /* Endless Runner.app */;
			productType = "com.apple.product-type.application";
		};
		687516251A24F92600748410 /* Endless RunnerTests */ = {
			isa = PBXNativeTarget;
			buildConfigurationList = 687516331A24F92600748410 /* Build configuration list for PBXNativeTarget "Endless RunnerTests" */;
			buildPhases = (
				687516221A24F92600748410 /* Sources */,
				687516231A24F92600748410 /* Frameworks */,
				687516241A24F92600748410 /* Resources */,
			);
			buildRules = (
			);
			dependencies = (
				687516281A24F92600748410 /* PBXTargetDependency */,
			);
			name = "Endless RunnerTests";
			productName = "Endless RunnerTests";
			productReference = 687516261A24F92600748410 /* Endless RunnerTests.xctest */;
			productType = "com.apple.product-type.bundle.unit-test";
		};
/* End PBXNativeTarget section */

/* Begin PBXProject section */
		687516001A24F92600748410 /* Project object */ = {
			isa = PBXProject;
			attributes = {
				LastUpgradeCheck = 0610;
				ORGANIZATIONNAME = sheffield;
				TargetAttributes = {
					687516071A24F92600748410 = {
						CreatedOnToolsVersion = 6.1;
					};
					687516251A24F92600748410 = {
						CreatedOnToolsVersion = 6.1;
						TestTargetID = 687516071A24F92600748410;
					};
				};
			};
			buildConfigurationList = 687516031A24F92600748410 /* Build configuration list for PBXProject "Endless Runner" */;
			compatibilityVersion = "Xcode 3.2";
			developmentRegion = English;
			hasScannedForEncodings = 0;
			knownRegions = (
				en,
				Base,
			);
			mainGroup = 687515FF1A24F92600748410;
			productRefGroup = 687516091A24F92600748410 /* Products */;
			projectDirPath = "";
			projectRoot = "";
			targets = (
				687516071A24F92600748410 /* Endless Runner */,
				687516251A24F92600748410 /* Endless RunnerTests */,
			);
		};
/* End PBXProject section */

/* Begin PBXResourcesBuildPhase section */
		687516061A24F92600748410 /* Resources */ = {
			isa = PBXResourcesBuildPhase;
			buildActionMask = 2147483647;
			files = (
				68480E2D1A66A945004A4EEA /* BackgroundText.png in Resources */,
				68F359A41A640CD60006E4B1 /* Beehive.png in Resources */,
				681E67111A691B54007E727A /* 29x29.png in Resources */,
				68480E2C1A66A945004A4EEA /* AvatarText.png in Resources */,
				681E67171A691B54007E727A /* 120x120.png in Resources */,
				687516211A24F92600748410 /* LaunchScreen.xib in Resources */,
				68F359041A63C81F0006E4B1 /* background.png in Resources */,
				717CCAB71A67C18300B55E61 /* beehive.atlas in Resources */,
				68480E211A667C43004A4EEA /* IntroText.png in Resources */,
				68480EC81A66E0A7004A4EEA /* LennyHighScores.plist in Resources */,
				68480EC41A66A9F2004A4EEA /* ControlsText.png in Resources */,
				682652711A65A965004DB8AC /* MenuScene.sks in Resources */,
				68F358FF1A63C80E0006E4B1 /* Mushroom.png in Resources */,
				68F359131A63C82F0006E4B1 /* Fox.png in Resources */,
				685F3D921A67D73B00A20F9A /* berry.png in Resources */,
				68480E271A6680FE004A4EEA /* LeftArrowText.png in Resources */,
				6875161E1A24F92600748410 /* Images.xcassets in Resources */,
				681E67161A691B54007E727A /* 87x87.png in Resources */,
				68F3590F1A63C82F0006E4B1 /* bee.png in Resources */,
				717CCAB61A67C18300B55E61 /* avatar.atlas in Resources */,
				68480E241A667C43004A4EEA /* SettingsText.png in Resources */,
				68F359051A63C81F0006E4B1 /* ground.png in Resources */,
				68F359141A63C82F0006E4B1 /* Frog.png in Resources */,
				68F359151A63C82F0006E4B1 /* Wolf.png in Resources */,
				681E67131A691B54007E727A /* 58x58.png in Resources */,
				6851ECAD1A6526FB00C661D2 /* kopf-animation.png in Resources */,
				68F3590E1A63C82F0006E4B1 /* avatar.gif in Resources */,
				681E671F1A693932007E727A /* Birdhouse.png in Resources */,
				68F358FD1A63C80E0006E4B1 /* Bog.png in Resources */,
				68F359001A63C80E0006E4B1 /* Spikes.png in Resources */,
				68480E201A667C43004A4EEA /* HighScoresText.png in Resources */,
				681E67121A691B54007E727A /* 40x40.png in Resources */,
				68F358FE1A63C80E0006E4B1 /* Bush.png in Resources */,
				681E67201A693932007E727A /* Butterfly.png in Resources */,
				681E67151A691B54007E727A /* 80x80.png in Resources */,
				68480E221A667C43004A4EEA /* PlayText.png in Resources */,
				685F3D931A67D73B00A20F9A /* level1-bonus.png in Resources */,
				681E67141A691B54007E727A /* 76x76.png in Resources */,
				681E67191A691B54007E727A /* 180x180.png in Resources */,
				68F359121A63C82F0006E4B1 /* Bird.png in Resources */,
				685F3D961A67E40900A20F9A /* level1-pit.png in Resources */,
				68480E281A6680FE004A4EEA /* RightArrowText.png in Resources */,
				681E67181A691B54007E727A /* 152x152.png in Resources */,
				68480E231A667C43004A4EEA /* QuitText.png in Resources */,
				687516161A24F92600748410 /* GameScene.sks in Resources */,
				717CCAB81A67C18300B55E61 /* frog.atlas in Resources */,
				6875161C1A24F92600748410 /* Main.storyboard in Resources */,
				68F359011A63C80E0006E4B1 /* Stump.png in Resources */,
			);
			runOnlyForDeploymentPostprocessing = 0;
		};
		687516241A24F92600748410 /* Resources */ = {
			isa = PBXResourcesBuildPhase;
			buildActionMask = 2147483647;
			files = (
			);
			runOnlyForDeploymentPostprocessing = 0;
		};
/* End PBXResourcesBuildPhase section */

/* Begin PBXSourcesBuildPhase section */
		687516041A24F92600748410 /* Sources */ = {
			isa = PBXSourcesBuildPhase;
			buildActionMask = 2147483647;
			files = (
				681E67271A694CBD007E727A /* Haven.m in Sources */,
				683D21C41A2F7CC90081FF3F /* Entity.m in Sources */,
				687516191A24F92600748410 /* GameViewController.m in Sources */,
				6816082B1A60172C0090CB96 /* Enemy.m in Sources */,
				68480ECB1A66E52F004A4EEA /* HighScoresViewController.m in Sources */,
				68F359B41A64221F0006E4B1 /* Bush.m in Sources */,
				68F359251A63ECE20006E4B1 /* Wolf.m in Sources */,
				687516111A24F92600748410 /* AppDelegate.m in Sources */,
				68AA902A1A56BE430056E5A2 /* SettingsViewController.m in Sources */,
				68F359AE1A6422050006E4B1 /* Spikes.m in Sources */,
				68F3591B1A63E96C0006E4B1 /* Bird.m in Sources */,
				681608281A6010410090CB96 /* ToastView.m in Sources */,
				68F359221A63ECD50006E4B1 /* Frog.m in Sources */,
				68AA902D1A56C4700056E5A2 /* MainMenuViewController.m in Sources */,
				685F3D9C1A68332600A20F9A /* Berry.m in Sources */,
				68F359B11A6422110006E4B1 /* Mushroom.m in Sources */,
				68F359181A63DB540006E4B1 /* Fox.m in Sources */,
				682428001A28740B00F71A3D /* GameModel.m in Sources */,
				687516141A24F92600748410 /* GameScene.m in Sources */,
				68F359A81A6421EE0006E4B1 /* Stump.m in Sources */,
				683D21C71A2F7CD50081FF3F /* Player.m in Sources */,
				68F3591F1A63EAD90006E4B1 /* Beehive.m in Sources */,
				68F359AB1A6421F90006E4B1 /* Bog.m in Sources */,
				6875160E1A24F92600748410 /* main.m in Sources */,
				684747D41A5AB3740005B80A /* TactileObject.m in Sources */,
				683D21CA1A2F7F320081FF3F /* LivingEntity.m in Sources */,
				681E67241A694CB2007E727A /* Butterfly.m in Sources */,
			);
			runOnlyForDeploymentPostprocessing = 0;
		};
		687516221A24F92600748410 /* Sources */ = {
			isa = PBXSourcesBuildPhase;
			buildActionMask = 2147483647;
			files = (
				6875162D1A24F92600748410 /* Endless_RunnerTests.m in Sources */,
			);
			runOnlyForDeploymentPostprocessing = 0;
		};
/* End PBXSourcesBuildPhase section */

/* Begin PBXTargetDependency section */
		687516281A24F92600748410 /* PBXTargetDependency */ = {
			isa = PBXTargetDependency;
			target = 687516071A24F92600748410 /* Endless Runner */;
			targetProxy = 687516271A24F92600748410 /* PBXContainerItemProxy */;
		};
/* End PBXTargetDependency section */

/* Begin PBXVariantGroup section */
		6875161A1A24F92600748410 /* Main.storyboard */ = {
			isa = PBXVariantGroup;
			children = (
				6875161B1A24F92600748410 /* Base */,
			);
			name = Main.storyboard;
			sourceTree = "<group>";
		};
		6875161F1A24F92600748410 /* LaunchScreen.xib */ = {
			isa = PBXVariantGroup;
			children = (
				687516201A24F92600748410 /* Base */,
			);
			name = LaunchScreen.xib;
			sourceTree = "<group>";
		};
/* End PBXVariantGroup section */

/* Begin XCBuildConfiguration section */
		6875162E1A24F92600748410 /* Debug */ = {
			isa = XCBuildConfiguration;
			buildSettings = {
				ALWAYS_SEARCH_USER_PATHS = NO;
				CLANG_CXX_LANGUAGE_STANDARD = "gnu++0x";
				CLANG_CXX_LIBRARY = "libc++";
				CLANG_ENABLE_MODULES = YES;
				CLANG_ENABLE_OBJC_ARC = YES;
				CLANG_WARN_BOOL_CONVERSION = YES;
				CLANG_WARN_CONSTANT_CONVERSION = YES;
				CLANG_WARN_DIRECT_OBJC_ISA_USAGE = YES_ERROR;
				CLANG_WARN_EMPTY_BODY = YES;
				CLANG_WARN_ENUM_CONVERSION = YES;
				CLANG_WARN_INT_CONVERSION = YES;
				CLANG_WARN_OBJC_ROOT_CLASS = YES_ERROR;
				CLANG_WARN_UNREACHABLE_CODE = YES;
				CLANG_WARN__DUPLICATE_METHOD_MATCH = YES;
				"CODE_SIGN_IDENTITY[sdk=iphoneos*]" = "iPhone Developer";
				COPY_PHASE_STRIP = NO;
				ENABLE_STRICT_OBJC_MSGSEND = YES;
				GCC_C_LANGUAGE_STANDARD = gnu99;
				GCC_DYNAMIC_NO_PIC = NO;
				GCC_OPTIMIZATION_LEVEL = 0;
				GCC_PREPROCESSOR_DEFINITIONS = (
					"DEBUG=1",
					"$(inherited)",
				);
				GCC_SYMBOLS_PRIVATE_EXTERN = NO;
				GCC_WARN_64_TO_32_BIT_CONVERSION = YES;
				GCC_WARN_ABOUT_RETURN_TYPE = YES_ERROR;
				GCC_WARN_UNDECLARED_SELECTOR = YES;
				GCC_WARN_UNINITIALIZED_AUTOS = YES_AGGRESSIVE;
				GCC_WARN_UNUSED_FUNCTION = YES;
				GCC_WARN_UNUSED_VARIABLE = YES;
				IPHONEOS_DEPLOYMENT_TARGET = 8.1;
				MTL_ENABLE_DEBUG_INFO = YES;
				ONLY_ACTIVE_ARCH = YES;
				SDKROOT = iphoneos;
				TARGETED_DEVICE_FAMILY = "1,2";
			};
			name = Debug;
		};
		6875162F1A24F92600748410 /* Release */ = {
			isa = XCBuildConfiguration;
			buildSettings = {
				ALWAYS_SEARCH_USER_PATHS = NO;
				CLANG_CXX_LANGUAGE_STANDARD = "gnu++0x";
				CLANG_CXX_LIBRARY = "libc++";
				CLANG_ENABLE_MODULES = YES;
				CLANG_ENABLE_OBJC_ARC = YES;
				CLANG_WARN_BOOL_CONVERSION = YES;
				CLANG_WARN_CONSTANT_CONVERSION = YES;
				CLANG_WARN_DIRECT_OBJC_ISA_USAGE = YES_ERROR;
				CLANG_WARN_EMPTY_BODY = YES;
				CLANG_WARN_ENUM_CONVERSION = YES;
				CLANG_WARN_INT_CONVERSION = YES;
				CLANG_WARN_OBJC_ROOT_CLASS = YES_ERROR;
				CLANG_WARN_UNREACHABLE_CODE = YES;
				CLANG_WARN__DUPLICATE_METHOD_MATCH = YES;
				"CODE_SIGN_IDENTITY[sdk=iphoneos*]" = "iPhone Developer";
				COPY_PHASE_STRIP = YES;
				ENABLE_NS_ASSERTIONS = NO;
				ENABLE_STRICT_OBJC_MSGSEND = YES;
				GCC_C_LANGUAGE_STANDARD = gnu99;
				GCC_WARN_64_TO_32_BIT_CONVERSION = YES;
				GCC_WARN_ABOUT_RETURN_TYPE = YES_ERROR;
				GCC_WARN_UNDECLARED_SELECTOR = YES;
				GCC_WARN_UNINITIALIZED_AUTOS = YES_AGGRESSIVE;
				GCC_WARN_UNUSED_FUNCTION = YES;
				GCC_WARN_UNUSED_VARIABLE = YES;
				IPHONEOS_DEPLOYMENT_TARGET = 8.1;
				MTL_ENABLE_DEBUG_INFO = NO;
				SDKROOT = iphoneos;
				TARGETED_DEVICE_FAMILY = "1,2";
				VALIDATE_PRODUCT = YES;
			};
			name = Release;
		};
		687516311A24F92600748410 /* Debug */ = {
			isa = XCBuildConfiguration;
			buildSettings = {
				ASSETCATALOG_COMPILER_APPICON_NAME = AppIcon;
				CODE_SIGN_IDENTITY = "iPhone Developer";
				"CODE_SIGN_IDENTITY[sdk=iphoneos*]" = "iPhone Developer";
				INFOPLIST_FILE = "Endless Runner/Info.plist";
				LD_RUNPATH_SEARCH_PATHS = "$(inherited) @executable_path/Frameworks";
				PRODUCT_NAME = "$(TARGET_NAME)";
				PROVISIONING_PROFILE = "";
			};
			name = Debug;
		};
		687516321A24F92600748410 /* Release */ = {
			isa = XCBuildConfiguration;
			buildSettings = {
				ASSETCATALOG_COMPILER_APPICON_NAME = AppIcon;
				CODE_SIGN_IDENTITY = "iPhone Developer";
				"CODE_SIGN_IDENTITY[sdk=iphoneos*]" = "iPhone Developer";
				INFOPLIST_FILE = "Endless Runner/Info.plist";
				LD_RUNPATH_SEARCH_PATHS = "$(inherited) @executable_path/Frameworks";
				PRODUCT_NAME = "$(TARGET_NAME)";
				PROVISIONING_PROFILE = "";
			};
			name = Release;
		};
		687516341A24F92600748410 /* Debug */ = {
			isa = XCBuildConfiguration;
			buildSettings = {
				BUNDLE_LOADER = "$(TEST_HOST)";
				FRAMEWORK_SEARCH_PATHS = (
					"$(SDKROOT)/Developer/Library/Frameworks",
					"$(inherited)",
				);
				GCC_PREPROCESSOR_DEFINITIONS = (
					"DEBUG=1",
					"$(inherited)",
				);
				INFOPLIST_FILE = "Endless RunnerTests/Info.plist";
				LD_RUNPATH_SEARCH_PATHS = "$(inherited) @executable_path/Frameworks @loader_path/Frameworks";
				PRODUCT_NAME = "$(TARGET_NAME)";
				TEST_HOST = "$(BUILT_PRODUCTS_DIR)/Endless Runner.app/Endless Runner";
			};
			name = Debug;
		};
		687516351A24F92600748410 /* Release */ = {
			isa = XCBuildConfiguration;
			buildSettings = {
				BUNDLE_LOADER = "$(TEST_HOST)";
				FRAMEWORK_SEARCH_PATHS = (
					"$(SDKROOT)/Developer/Library/Frameworks",
					"$(inherited)",
				);
				INFOPLIST_FILE = "Endless RunnerTests/Info.plist";
				LD_RUNPATH_SEARCH_PATHS = "$(inherited) @executable_path/Frameworks @loader_path/Frameworks";
				PRODUCT_NAME = "$(TARGET_NAME)";
				TEST_HOST = "$(BUILT_PRODUCTS_DIR)/Endless Runner.app/Endless Runner";
			};
			name = Release;
		};
/* End XCBuildConfiguration section */

/* Begin XCConfigurationList section */
		687516031A24F92600748410 /* Build configuration list for PBXProject "Endless Runner" */ = {
			isa = XCConfigurationList;
			buildConfigurations = (
				6875162E1A24F92600748410 /* Debug */,
				6875162F1A24F92600748410 /* Release */,
			);
			defaultConfigurationIsVisible = 0;
			defaultConfigurationName = Release;
		};
		687516301A24F92600748410 /* Build configuration list for PBXNativeTarget "Endless Runner" */ = {
			isa = XCConfigurationList;
			buildConfigurations = (
				687516311A24F92600748410 /* Debug */,
				687516321A24F92600748410 /* Release */,
			);
			defaultConfigurationIsVisible = 0;
			defaultConfigurationName = Release;
		};
		687516331A24F92600748410 /* Build configuration list for PBXNativeTarget "Endless RunnerTests" */ = {
			isa = XCConfigurationList;
			buildConfigurations = (
				687516341A24F92600748410 /* Debug */,
				687516351A24F92600748410 /* Release */,
			);
			defaultConfigurationIsVisible = 0;
			defaultConfigurationName = Release;
		};
/* End XCConfigurationList section */
	};
	rootObject = 687516001A24F92600748410 /* Project object */;
}
